// !$*UTF8*$!
{
	archiveVersion = 1;
	classes = {
	};
	objectVersion = 50;
	objects = {

/* Begin PBXBuildFile section */
		A30DC6012412EF3C008DD0E0 /* ImageEditorViewController.swift in Sources */ = {isa = PBXBuildFile; fileRef = A30DC6002412EF3C008DD0E0 /* ImageEditorViewController.swift */; };
		A30DC6032412F46F008DD0E0 /* ChromaKeyFilter.swift in Sources */ = {isa = PBXBuildFile; fileRef = A30DC6022412F46F008DD0E0 /* ChromaKeyFilter.swift */; };
		A30DC6052412F663008DD0E0 /* Shaders.metal in Sources */ = {isa = PBXBuildFile; fileRef = A30DC6042412F663008DD0E0 /* Shaders.metal */; };
		A31497B824140041005399C8 /* Util.swift in Sources */ = {isa = PBXBuildFile; fileRef = A31497B724140041005399C8 /* Util.swift */; };
		A31497BC2416F2A0005399C8 /* NetworkExtension.framework in Frameworks */ = {isa = PBXBuildFile; fileRef = A31497BB2416F2A0005399C8 /* NetworkExtension.framework */; };
		A31497BE24193AFB005399C8 /* Constants.swift in Sources */ = {isa = PBXBuildFile; fileRef = A31497BD24193AFB005399C8 /* Constants.swift */; };
		A31497C024193F0B005399C8 /* DataStore.swift in Sources */ = {isa = PBXBuildFile; fileRef = A31497BF24193F0B005399C8 /* DataStore.swift */; };
		A3546035242178DA00037DF4 /* ZIPFoundation.framework in Frameworks */ = {isa = PBXBuildFile; fileRef = A3546033242174D200037DF4 /* ZIPFoundation.framework */; };
		A3546036242178DA00037DF4 /* ZIPFoundation.framework in Embed Frameworks */ = {isa = PBXBuildFile; fileRef = A3546033242174D200037DF4 /* ZIPFoundation.framework */; settings = {ATTRIBUTES = (CodeSignOnCopy, RemoveHeadersOnCopy, ); }; };
		A35460392422B59E00037DF4 /* Logging.swift in Sources */ = {isa = PBXBuildFile; fileRef = A35460382422B59E00037DF4 /* Logging.swift */; };
		A3E135D32409A61700D4B680 /* AppDelegate.swift in Sources */ = {isa = PBXBuildFile; fileRef = A3E135D22409A61700D4B680 /* AppDelegate.swift */; };
		A3E135DA2409A61700D4B680 /* Main.storyboard in Resources */ = {isa = PBXBuildFile; fileRef = A3E135D82409A61700D4B680 /* Main.storyboard */; };
		A3E135DC2409A61900D4B680 /* Assets.xcassets in Resources */ = {isa = PBXBuildFile; fileRef = A3E135DB2409A61900D4B680 /* Assets.xcassets */; };
		A3E135DF2409A61900D4B680 /* LaunchScreen.storyboard in Resources */ = {isa = PBXBuildFile; fileRef = A3E135DD2409A61900D4B680 /* LaunchScreen.storyboard */; };
		A3E135E72409A68E00D4B680 /* ProjectsCollectionViewController.swift in Sources */ = {isa = PBXBuildFile; fileRef = A3E135E62409A68E00D4B680 /* ProjectsCollectionViewController.swift */; };
		A3E135E92409ABFD00D4B680 /* ImageCaptureViewController.swift in Sources */ = {isa = PBXBuildFile; fileRef = A3E135E82409ABFD00D4B680 /* ImageCaptureViewController.swift */; };
		A3E135EB2409B04700D4B680 /* ScratchViewController.swift in Sources */ = {isa = PBXBuildFile; fileRef = A3E135EA2409B04700D4B680 /* ScratchViewController.swift */; };
		A3E135F0240D794100D4B680 /* web in Resources */ = {isa = PBXBuildFile; fileRef = A3E135EF240D794100D4B680 /* web */; };
/* End PBXBuildFile section */

/* Begin PBXCopyFilesBuildPhase section */
		A3546037242178DA00037DF4 /* Embed Frameworks */ = {
			isa = PBXCopyFilesBuildPhase;
			buildActionMask = 2147483647;
			dstPath = "";
			dstSubfolderSpec = 10;
			files = (
				A3546036242178DA00037DF4 /* ZIPFoundation.framework in Embed Frameworks */,
			);
			name = "Embed Frameworks";
			runOnlyForDeploymentPostprocessing = 0;
		};
/* End PBXCopyFilesBuildPhase section */

/* Begin PBXFileReference section */
		A30DC6002412EF3C008DD0E0 /* ImageEditorViewController.swift */ = {isa = PBXFileReference; lastKnownFileType = sourcecode.swift; path = ImageEditorViewController.swift; sourceTree = "<group>"; };
		A30DC6022412F46F008DD0E0 /* ChromaKeyFilter.swift */ = {isa = PBXFileReference; fileEncoding = 4; lastKnownFileType = sourcecode.swift; path = ChromaKeyFilter.swift; sourceTree = "<group>"; };
		A30DC6042412F663008DD0E0 /* Shaders.metal */ = {isa = PBXFileReference; fileEncoding = 4; lastKnownFileType = sourcecode.metal; path = Shaders.metal; sourceTree = "<group>"; };
		A31497B724140041005399C8 /* Util.swift */ = {isa = PBXFileReference; lastKnownFileType = sourcecode.swift; path = Util.swift; sourceTree = "<group>"; };
		A31497BB2416F2A0005399C8 /* NetworkExtension.framework */ = {isa = PBXFileReference; lastKnownFileType = wrapper.framework; name = NetworkExtension.framework; path = System/Library/Frameworks/NetworkExtension.framework; sourceTree = SDKROOT; };
		A31497BD24193AFB005399C8 /* Constants.swift */ = {isa = PBXFileReference; lastKnownFileType = sourcecode.swift; path = Constants.swift; sourceTree = "<group>"; };
		A31497BF24193F0B005399C8 /* DataStore.swift */ = {isa = PBXFileReference; lastKnownFileType = sourcecode.swift; path = DataStore.swift; sourceTree = "<group>"; };
		A3546033242174D200037DF4 /* ZIPFoundation.framework */ = {isa = PBXFileReference; lastKnownFileType = wrapper.framework; path = ZIPFoundation.framework; sourceTree = "<group>"; };
		A35460382422B59E00037DF4 /* Logging.swift */ = {isa = PBXFileReference; lastKnownFileType = sourcecode.swift; path = Logging.swift; sourceTree = "<group>"; };
		A3E135CF2409A61700D4B680 /* AoT-Scratch.app */ = {isa = PBXFileReference; explicitFileType = wrapper.application; includeInIndex = 0; path = "AoT-Scratch.app"; sourceTree = BUILT_PRODUCTS_DIR; };
		A3E135D22409A61700D4B680 /* AppDelegate.swift */ = {isa = PBXFileReference; lastKnownFileType = sourcecode.swift; path = AppDelegate.swift; sourceTree = "<group>"; };
		A3E135D92409A61700D4B680 /* Base */ = {isa = PBXFileReference; lastKnownFileType = file.storyboard; name = Base; path = Base.lproj/Main.storyboard; sourceTree = "<group>"; };
		A3E135DB2409A61900D4B680 /* Assets.xcassets */ = {isa = PBXFileReference; lastKnownFileType = folder.assetcatalog; path = Assets.xcassets; sourceTree = "<group>"; };
		A3E135DE2409A61900D4B680 /* Base */ = {isa = PBXFileReference; lastKnownFileType = file.storyboard; name = Base; path = Base.lproj/LaunchScreen.storyboard; sourceTree = "<group>"; };
		A3E135E02409A61900D4B680 /* Info.plist */ = {isa = PBXFileReference; lastKnownFileType = text.plist.xml; path = Info.plist; sourceTree = "<group>"; };
		A3E135E62409A68E00D4B680 /* ProjectsCollectionViewController.swift */ = {isa = PBXFileReference; lastKnownFileType = sourcecode.swift; path = ProjectsCollectionViewController.swift; sourceTree = "<group>"; };
		A3E135E82409ABFD00D4B680 /* ImageCaptureViewController.swift */ = {isa = PBXFileReference; indentWidth = 4; lastKnownFileType = sourcecode.swift; path = ImageCaptureViewController.swift; sourceTree = "<group>"; usesTabs = 0; };
		A3E135EA2409B04700D4B680 /* ScratchViewController.swift */ = {isa = PBXFileReference; lastKnownFileType = sourcecode.swift; path = ScratchViewController.swift; sourceTree = "<group>"; };
		A3E135EF240D794100D4B680 /* web */ = {isa = PBXFileReference; lastKnownFileType = folder; name = web; path = ../../../web; sourceTree = "<group>"; };
/* End PBXFileReference section */

/* Begin PBXFrameworksBuildPhase section */
		A3E135CC2409A61700D4B680 /* Frameworks */ = {
			isa = PBXFrameworksBuildPhase;
			buildActionMask = 2147483647;
			files = (
				A31497BC2416F2A0005399C8 /* NetworkExtension.framework in Frameworks */,
				A3546035242178DA00037DF4 /* ZIPFoundation.framework in Frameworks */,
			);
			runOnlyForDeploymentPostprocessing = 0;
		};
/* End PBXFrameworksBuildPhase section */

/* Begin PBXGroup section */
		A31497BA2416F2A0005399C8 /* Frameworks */ = {
			isa = PBXGroup;
			children = (
				A31497BB2416F2A0005399C8 /* NetworkExtension.framework */,
			);
			name = Frameworks;
			sourceTree = "<group>";
		};
		A3E135C62409A61700D4B680 = {
			isa = PBXGroup;
			children = (
				A3E135D12409A61700D4B680 /* AoT-Scratch */,
				A3E135D02409A61700D4B680 /* Products */,
				A31497BA2416F2A0005399C8 /* Frameworks */,
			);
			sourceTree = "<group>";
		};
		A3E135D02409A61700D4B680 /* Products */ = {
			isa = PBXGroup;
			children = (
				A3E135CF2409A61700D4B680 /* AoT-Scratch.app */,
			);
			name = Products;
			sourceTree = "<group>";
		};
		A3E135D12409A61700D4B680 /* AoT-Scratch */ = {
			isa = PBXGroup;
			children = (
				A3E135D22409A61700D4B680 /* AppDelegate.swift */,
				A3E135E62409A68E00D4B680 /* ProjectsCollectionViewController.swift */,
				A3E135D82409A61700D4B680 /* Main.storyboard */,
				A31497BF24193F0B005399C8 /* DataStore.swift */,
				A31497BD24193AFB005399C8 /* Constants.swift */,
				A3E135EA2409B04700D4B680 /* ScratchViewController.swift */,
				A35460382422B59E00037DF4 /* Logging.swift */,
				A3E135E82409ABFD00D4B680 /* ImageCaptureViewController.swift */,
				A30DC6002412EF3C008DD0E0 /* ImageEditorViewController.swift */,
				A31497B724140041005399C8 /* Util.swift */,
				A30DC6022412F46F008DD0E0 /* ChromaKeyFilter.swift */,
				A30DC6042412F663008DD0E0 /* Shaders.metal */,
				A3E135DB2409A61900D4B680 /* Assets.xcassets */,
				A3E135DD2409A61900D4B680 /* LaunchScreen.storyboard */,
				A3E135E02409A61900D4B680 /* Info.plist */,
				A3546033242174D200037DF4 /* ZIPFoundation.framework */,
				A3E135EF240D794100D4B680 /* web */,
			);
			path = "AoT-Scratch";
			sourceTree = "<group>";
		};
/* End PBXGroup section */

/* Begin PBXNativeTarget section */
		A3E135CE2409A61700D4B680 /* AoT-Scratch */ = {
			isa = PBXNativeTarget;
			buildConfigurationList = A3E135E32409A61900D4B680 /* Build configuration list for PBXNativeTarget "AoT-Scratch" */;
			buildPhases = (
				A3E135CB2409A61700D4B680 /* Sources */,
				A3E135CC2409A61700D4B680 /* Frameworks */,
				A3E135CD2409A61700D4B680 /* Resources */,
				A3546037242178DA00037DF4 /* Embed Frameworks */,
				A354603B2422BD3A00037DF4 /* ShellScript */,
			);
			buildRules = (
			);
			dependencies = (
			);
			name = "AoT-Scratch";
			productName = "AoT-Scratch";
			productReference = A3E135CF2409A61700D4B680 /* AoT-Scratch.app */;
			productType = "com.apple.product-type.application";
		};
/* End PBXNativeTarget section */

/* Begin PBXProject section */
		A3E135C72409A61700D4B680 /* Project object */ = {
			isa = PBXProject;
			attributes = {
				LastSwiftUpdateCheck = 1130;
				LastUpgradeCheck = 1130;
				ORGANIZATIONNAME = "Lifelong Kindergarten";
				TargetAttributes = {
					A3E135CE2409A61700D4B680 = {
						CreatedOnToolsVersion = 11.3.1;
					};
				};
			};
			buildConfigurationList = A3E135CA2409A61700D4B680 /* Build configuration list for PBXProject "AoT-Scratch" */;
			compatibilityVersion = "Xcode 9.3";
			developmentRegion = en;
			hasScannedForEncodings = 0;
			knownRegions = (
				en,
				Base,
			);
			mainGroup = A3E135C62409A61700D4B680;
			productRefGroup = A3E135D02409A61700D4B680 /* Products */;
			projectDirPath = "";
			projectRoot = "";
			targets = (
				A3E135CE2409A61700D4B680 /* AoT-Scratch */,
			);
		};
/* End PBXProject section */

/* Begin PBXResourcesBuildPhase section */
		A3E135CD2409A61700D4B680 /* Resources */ = {
			isa = PBXResourcesBuildPhase;
			buildActionMask = 2147483647;
			files = (
				A3E135DF2409A61900D4B680 /* LaunchScreen.storyboard in Resources */,
				A3E135F0240D794100D4B680 /* web in Resources */,
				A3E135DC2409A61900D4B680 /* Assets.xcassets in Resources */,
				A3E135DA2409A61700D4B680 /* Main.storyboard in Resources */,
			);
			runOnlyForDeploymentPostprocessing = 0;
		};
/* End PBXResourcesBuildPhase section */

/* Begin PBXShellScriptBuildPhase section */
		A354603B2422BD3A00037DF4 /* ShellScript */ = {
			isa = PBXShellScriptBuildPhase;
			buildActionMask = 2147483647;
			files = (
			);
			inputFileListPaths = (
			);
			inputPaths = (
			);
			outputFileListPaths = (
			);
			outputPaths = (
			);
			runOnlyForDeploymentPostprocessing = 0;
			shellPath = /bin/sh;
			shellScript = "# Bump build number\nbuildNumber=$(/usr/libexec/PlistBuddy -c \"Print CFBundleVersion\" \"$PRODUCT_SETTINGS_PATH\")\nbuildNumber=$(($buildNumber + 1))\n/usr/libexec/PlistBuddy -c \"Set :CFBundleVersion $buildNumber\" \"$PRODUCT_SETTINGS_PATH\"\n";
		};
/* End PBXShellScriptBuildPhase section */

/* Begin PBXSourcesBuildPhase section */
		A3E135CB2409A61700D4B680 /* Sources */ = {
			isa = PBXSourcesBuildPhase;
			buildActionMask = 2147483647;
			files = (
				A30DC6052412F663008DD0E0 /* Shaders.metal in Sources */,
				A31497B824140041005399C8 /* Util.swift in Sources */,
				A30DC6012412EF3C008DD0E0 /* ImageEditorViewController.swift in Sources */,
				A30DC6032412F46F008DD0E0 /* ChromaKeyFilter.swift in Sources */,
				A31497C024193F0B005399C8 /* DataStore.swift in Sources */,
				A31497BE24193AFB005399C8 /* Constants.swift in Sources */,
				A35460392422B59E00037DF4 /* Logging.swift in Sources */,
				A3E135D32409A61700D4B680 /* AppDelegate.swift in Sources */,
				A3E135EB2409B04700D4B680 /* ScratchViewController.swift in Sources */,
				A3E135E72409A68E00D4B680 /* ProjectsCollectionViewController.swift in Sources */,
				A3E135E92409ABFD00D4B680 /* ImageCaptureViewController.swift in Sources */,
			);
			runOnlyForDeploymentPostprocessing = 0;
		};
/* End PBXSourcesBuildPhase section */

/* Begin PBXVariantGroup section */
		A3E135D82409A61700D4B680 /* Main.storyboard */ = {
			isa = PBXVariantGroup;
			children = (
				A3E135D92409A61700D4B680 /* Base */,
			);
			name = Main.storyboard;
			sourceTree = "<group>";
		};
		A3E135DD2409A61900D4B680 /* LaunchScreen.storyboard */ = {
			isa = PBXVariantGroup;
			children = (
				A3E135DE2409A61900D4B680 /* Base */,
			);
			name = LaunchScreen.storyboard;
			sourceTree = "<group>";
		};
/* End PBXVariantGroup section */

/* Begin XCBuildConfiguration section */
		A3E135E12409A61900D4B680 /* Debug */ = {
			isa = XCBuildConfiguration;
			buildSettings = {
				ALWAYS_SEARCH_USER_PATHS = NO;
				CLANG_ANALYZER_NONNULL = YES;
				CLANG_ANALYZER_NUMBER_OBJECT_CONVERSION = YES_AGGRESSIVE;
				CLANG_CXX_LANGUAGE_STANDARD = "gnu++14";
				CLANG_CXX_LIBRARY = "libc++";
				CLANG_ENABLE_MODULES = YES;
				CLANG_ENABLE_OBJC_ARC = YES;
				CLANG_ENABLE_OBJC_WEAK = YES;
				CLANG_WARN_BLOCK_CAPTURE_AUTORELEASING = YES;
				CLANG_WARN_BOOL_CONVERSION = YES;
				CLANG_WARN_COMMA = YES;
				CLANG_WARN_CONSTANT_CONVERSION = YES;
				CLANG_WARN_DEPRECATED_OBJC_IMPLEMENTATIONS = YES;
				CLANG_WARN_DIRECT_OBJC_ISA_USAGE = YES_ERROR;
				CLANG_WARN_DOCUMENTATION_COMMENTS = YES;
				CLANG_WARN_EMPTY_BODY = YES;
				CLANG_WARN_ENUM_CONVERSION = YES;
				CLANG_WARN_INFINITE_RECURSION = YES;
				CLANG_WARN_INT_CONVERSION = YES;
				CLANG_WARN_NON_LITERAL_NULL_CONVERSION = YES;
				CLANG_WARN_OBJC_IMPLICIT_RETAIN_SELF = YES;
				CLANG_WARN_OBJC_LITERAL_CONVERSION = YES;
				CLANG_WARN_OBJC_ROOT_CLASS = YES_ERROR;
				CLANG_WARN_RANGE_LOOP_ANALYSIS = YES;
				CLANG_WARN_STRICT_PROTOTYPES = YES;
				CLANG_WARN_SUSPICIOUS_MOVE = YES;
				CLANG_WARN_UNGUARDED_AVAILABILITY = YES_AGGRESSIVE;
				CLANG_WARN_UNREACHABLE_CODE = YES;
				CLANG_WARN__DUPLICATE_METHOD_MATCH = YES;
				COPY_PHASE_STRIP = NO;
				DEBUG_INFORMATION_FORMAT = dwarf;
				ENABLE_STRICT_OBJC_MSGSEND = YES;
				ENABLE_TESTABILITY = YES;
				GCC_C_LANGUAGE_STANDARD = gnu11;
				GCC_DYNAMIC_NO_PIC = NO;
				GCC_NO_COMMON_BLOCKS = YES;
				GCC_OPTIMIZATION_LEVEL = 0;
				GCC_PREPROCESSOR_DEFINITIONS = (
					"DEBUG=1",
					"$(inherited)",
				);
				GCC_WARN_64_TO_32_BIT_CONVERSION = YES;
				GCC_WARN_ABOUT_RETURN_TYPE = YES_ERROR;
				GCC_WARN_UNDECLARED_SELECTOR = YES;
				GCC_WARN_UNINITIALIZED_AUTOS = YES_AGGRESSIVE;
				GCC_WARN_UNUSED_FUNCTION = YES;
				GCC_WARN_UNUSED_VARIABLE = YES;
				IPHONEOS_DEPLOYMENT_TARGET = 13.2;
				MTL_ENABLE_DEBUG_INFO = INCLUDE_SOURCE;
				MTL_FAST_MATH = YES;
				ONLY_ACTIVE_ARCH = YES;
				SDKROOT = iphoneos;
				SWIFT_ACTIVE_COMPILATION_CONDITIONS = DEBUG;
				SWIFT_OPTIMIZATION_LEVEL = "-Onone";
			};
			name = Debug;
		};
		A3E135E22409A61900D4B680 /* Release */ = {
			isa = XCBuildConfiguration;
			buildSettings = {
				ALWAYS_SEARCH_USER_PATHS = NO;
				CLANG_ANALYZER_NONNULL = YES;
				CLANG_ANALYZER_NUMBER_OBJECT_CONVERSION = YES_AGGRESSIVE;
				CLANG_CXX_LANGUAGE_STANDARD = "gnu++14";
				CLANG_CXX_LIBRARY = "libc++";
				CLANG_ENABLE_MODULES = YES;
				CLANG_ENABLE_OBJC_ARC = YES;
				CLANG_ENABLE_OBJC_WEAK = YES;
				CLANG_WARN_BLOCK_CAPTURE_AUTORELEASING = YES;
				CLANG_WARN_BOOL_CONVERSION = YES;
				CLANG_WARN_COMMA = YES;
				CLANG_WARN_CONSTANT_CONVERSION = YES;
				CLANG_WARN_DEPRECATED_OBJC_IMPLEMENTATIONS = YES;
				CLANG_WARN_DIRECT_OBJC_ISA_USAGE = YES_ERROR;
				CLANG_WARN_DOCUMENTATION_COMMENTS = YES;
				CLANG_WARN_EMPTY_BODY = YES;
				CLANG_WARN_ENUM_CONVERSION = YES;
				CLANG_WARN_INFINITE_RECURSION = YES;
				CLANG_WARN_INT_CONVERSION = YES;
				CLANG_WARN_NON_LITERAL_NULL_CONVERSION = YES;
				CLANG_WARN_OBJC_IMPLICIT_RETAIN_SELF = YES;
				CLANG_WARN_OBJC_LITERAL_CONVERSION = YES;
				CLANG_WARN_OBJC_ROOT_CLASS = YES_ERROR;
				CLANG_WARN_RANGE_LOOP_ANALYSIS = YES;
				CLANG_WARN_STRICT_PROTOTYPES = YES;
				CLANG_WARN_SUSPICIOUS_MOVE = YES;
				CLANG_WARN_UNGUARDED_AVAILABILITY = YES_AGGRESSIVE;
				CLANG_WARN_UNREACHABLE_CODE = YES;
				CLANG_WARN__DUPLICATE_METHOD_MATCH = YES;
				COPY_PHASE_STRIP = NO;
				DEBUG_INFORMATION_FORMAT = "dwarf-with-dsym";
				ENABLE_NS_ASSERTIONS = NO;
				ENABLE_STRICT_OBJC_MSGSEND = YES;
				GCC_C_LANGUAGE_STANDARD = gnu11;
				GCC_NO_COMMON_BLOCKS = YES;
				GCC_WARN_64_TO_32_BIT_CONVERSION = YES;
				GCC_WARN_ABOUT_RETURN_TYPE = YES_ERROR;
				GCC_WARN_UNDECLARED_SELECTOR = YES;
				GCC_WARN_UNINITIALIZED_AUTOS = YES_AGGRESSIVE;
				GCC_WARN_UNUSED_FUNCTION = YES;
				GCC_WARN_UNUSED_VARIABLE = YES;
				IPHONEOS_DEPLOYMENT_TARGET = 13.2;
				MTL_ENABLE_DEBUG_INFO = NO;
				MTL_FAST_MATH = YES;
				SDKROOT = iphoneos;
				SWIFT_COMPILATION_MODE = wholemodule;
				SWIFT_OPTIMIZATION_LEVEL = "-O";
				VALIDATE_PRODUCT = YES;
			};
			name = Release;
		};
		A3E135E42409A61900D4B680 /* Debug */ = {
			isa = XCBuildConfiguration;
			buildSettings = {
				ASSETCATALOG_COMPILER_APPICON_NAME = AppIcon;
				CODE_SIGN_STYLE = Automatic;
				CURRENT_PROJECT_VERSION = 2;
				DEVELOPMENT_TEAM = 38HK43T9W4;
				ENABLE_BITCODE = NO;
				FRAMEWORK_SEARCH_PATHS = (
					"$(inherited)",
					"$(PROJECT_DIR)/AoT-Scratch",
				);
				INFOPLIST_FILE = "AoT-Scratch/Info.plist";
				IPHONEOS_DEPLOYMENT_TARGET = 13.0;
				LD_RUNPATH_SEARCH_PATHS = (
					"$(inherited)",
					"@executable_path/Frameworks",
				);
				MTLLINKER_FLAGS = "-cikernel";
				MTL_COMPILER_FLAGS = "-fcikernel";
				OTHER_SWIFT_FLAGS = "-DDEBUG";
				PRODUCT_BUNDLE_IDENTIFIER = edu.mit.media.llk.ArtOfTinkering;
				PRODUCT_NAME = "$(TARGET_NAME)";
				SWIFT_VERSION = 5.0;
				TARGETED_DEVICE_FAMILY = 2;
			};
			name = Debug;
		};
		A3E135E52409A61900D4B680 /* Release */ = {
			isa = XCBuildConfiguration;
			buildSettings = {
				ASSETCATALOG_COMPILER_APPICON_NAME = AppIcon;
				CODE_SIGN_ENTITLEMENTS = "";
				CODE_SIGN_STYLE = Automatic;
				CURRENT_PROJECT_VERSION = 2;
				DEVELOPMENT_TEAM = 38HK43T9W4;
				ENABLE_BITCODE = NO;
				FRAMEWORK_SEARCH_PATHS = (
					"$(inherited)",
					"$(PROJECT_DIR)/AoT-Scratch",
				);
				INFOPLIST_FILE = "AoT-Scratch/Info.plist";
				IPHONEOS_DEPLOYMENT_TARGET = 13.0;
				LD_RUNPATH_SEARCH_PATHS = (
					"$(inherited)",
					"@executable_path/Frameworks",
				);
				MTLLINKER_FLAGS = "-cikernel";
				MTL_COMPILER_FLAGS = "-fcikernel";
				OTHER_SWIFT_FLAGS = "";
				PRODUCT_BUNDLE_IDENTIFIER = edu.mit.media.llk.ArtOfTinkering;
				PRODUCT_NAME = "$(TARGET_NAME)";
				SWIFT_VERSION = 5.0;
				TARGETED_DEVICE_FAMILY = 2;
			};
			name = Release;
		};
/* End XCBuildConfiguration section */

/* Begin XCConfigurationList section */
		A3E135CA2409A61700D4B680 /* Build configuration list for PBXProject "AoT-Scratch" */ = {
			isa = XCConfigurationList;
			buildConfigurations = (
				A3E135E12409A61900D4B680 /* Debug */,
				A3E135E22409A61900D4B680 /* Release */,
			);
			defaultConfigurationIsVisible = 0;
			defaultConfigurationName = Release;
		};
		A3E135E32409A61900D4B680 /* Build configuration list for PBXNativeTarget "AoT-Scratch" */ = {
			isa = XCConfigurationList;
			buildConfigurations = (
				A3E135E42409A61900D4B680 /* Debug */,
				A3E135E52409A61900D4B680 /* Release */,
			);
			defaultConfigurationIsVisible = 0;
			defaultConfigurationName = Release;
		};
/* End XCConfigurationList section */
	};
	rootObject = A3E135C72409A61700D4B680 /* Project object */;
}
